
Microsoft Visual Studio Solution File, Format Version 12.00
# Visual Studio 15
VisualStudioVersion = 15.0.27703.2042
MinimumVisualStudioVersion = 10.0.40219.1
Project("{FAE04EC0-301F-11D3-BF4B-00C04F79EFBC}") = "PhantasmaWallet", "PhantasmaWallet\PhantasmaWallet.csproj", "{DED88A7B-9CF3-40CD-8772-3692CD5BD73A}"
EndProject
Project("{9A19103F-16F7-4668-BE54-9A1E7A4F7556}") = "LunarServer", "..\LunarServer\LunarServer\LunarServer.csproj", "{42C197A6-11F7-4D11-AF6A-2248F34733CB}"
EndProject
Project("{9A19103F-16F7-4668-BE54-9A1E7A4F7556}") = "PhantasmaChain", "..\PhantasmaChain\PhantasmaChain\PhantasmaChain.csproj", "{1797A805-326E-4692-9250-92ACC3F37AF3}"
EndProject
Global
	GlobalSection(SolutionConfigurationPlatforms) = preSolution
		Debug|Any CPU = Debug|Any CPU
		Release|Any CPU = Release|Any CPU
	EndGlobalSection
	GlobalSection(ProjectConfigurationPlatforms) = postSolution
		{DED88A7B-9CF3-40CD-8772-3692CD5BD73A}.Debug|Any CPU.ActiveCfg = Debug|Any CPU
		{DED88A7B-9CF3-40CD-8772-3692CD5BD73A}.Debug|Any CPU.Build.0 = Debug|Any CPU
		{DED88A7B-9CF3-40CD-8772-3692CD5BD73A}.Release|Any CPU.ActiveCfg = Release|Any CPU
		{DED88A7B-9CF3-40CD-8772-3692CD5BD73A}.Release|Any CPU.Build.0 = Release|Any CPU
		{42C197A6-11F7-4D11-AF6A-2248F34733CB}.Debug|Any CPU.ActiveCfg = Debug|Any CPU
		{42C197A6-11F7-4D11-AF6A-2248F34733CB}.Debug|Any CPU.Build.0 = Debug|Any CPU
		{42C197A6-11F7-4D11-AF6A-2248F34733CB}.Release|Any CPU.ActiveCfg = Release|Any CPU
		{42C197A6-11F7-4D11-AF6A-2248F34733CB}.Release|Any CPU.Build.0 = Release|Any CPU
		{1797A805-326E-4692-9250-92ACC3F37AF3}.Debug|Any CPU.ActiveCfg = Debug|Any CPU
		{1797A805-326E-4692-9250-92ACC3F37AF3}.Debug|Any CPU.Build.0 = Debug|Any CPU
		{1797A805-326E-4692-9250-92ACC3F37AF3}.Release|Any CPU.ActiveCfg = Release|Any CPU
		{1797A805-326E-4692-9250-92ACC3F37AF3}.Release|Any CPU.Build.0 = Release|Any CPU
	EndGlobalSection
	GlobalSection(SolutionProperties) = preSolution
		HideSolutionNode = FALSE
	EndGlobalSection
	GlobalSection(ExtensibilityGlobals) = postSolution
		SolutionGuid = {A7FA4231-F6D7-4B93-9BAB-6B8ED0DFD04F}
	EndGlobalSection
EndGlobal
